{
    "name": "midi-materials",
    "version": "0.0.0",
    "lockfileVersion": 1,
    "requires": true,
    "dependencies": {
        "@babylonjs/core": {
            "version": "5.0.0-alpha.31",
            "resolved": "https://microsoft.pkgs.visualstudio.com/Analog/_packaging/mixedreality.familiarframeworks.babylonjs/npm/registry/@babylonjs/core/-/core-5.0.0-alpha.31.tgz",
            "integrity": "sha1-d6JaQ1K/GNwb5c8xqPKTIrWgf6M=",
            "requires": {
                "tslib": "^2.1.0"
            }
        },
        "midifile-ts": {
            "version": "1.1.4",
            "resolved": "https://microsoft.pkgs.visualstudio.com/Analog/_packaging/mixedreality.familiarframeworks.babylonjs/npm/registry/midifile-ts/-/midifile-ts-1.1.4.tgz",
            "integrity": "sha1-0+s868jvus0sg9JHK8LQdYM/hL0="
        },
        "tslib": {
            "version": "2.3.0",
            "resolved": "https://microsoft.pkgs.visualstudio.com/Analog/_packaging/mixedreality.familiarframeworks.babylonjs/npm/registry/tslib/-/tslib-2.3.0.tgz",
            "integrity": "sha1-gDuM2rPhK6WBpMpByIObuw2ssJ4="
        }
    }
}
